
Microsoft Visual Studio Solution File, Format Version 12.00
# Visual Studio Version 17
VisualStudioVersion = 17.8.34511.84
MinimumVisualStudioVersion = 10.0.40219.1
Project("{9A19103F-16F7-4668-BE54-9A1E7A4F7556}") = "BankAPI", "BankAPI.csproj", "{CAC3F6BF-B83C-45FD-944D-2D86EF179B34}"
EndProject
Project("{FAE04EC0-301F-11D3-BF4B-00C04F79EFBC}") = "BankAPI.Test", "..\BankAPITest\BankAPI.Test\BankAPI.Test.csproj", "{FC5314CA-1EB5-40EE-8939-AF6A055AF9B6}"
EndProject
Global
	GlobalSection(SolutionConfigurationPlatforms) = preSolution
		Debug|Any CPU = Debug|Any CPU
		Release|Any CPU = Release|Any CPU
	EndGlobalSection
	GlobalSection(ProjectConfigurationPlatforms) = postSolution
		{CAC3F6BF-B83C-45FD-944D-2D86EF179B34}.Debug|Any CPU.ActiveCfg = Debug|Any CPU
		{CAC3F6BF-B83C-45FD-944D-2D86EF179B34}.Debug|Any CPU.Build.0 = Debug|Any CPU
		{CAC3F6BF-B83C-45FD-944D-2D86EF179B34}.Release|Any CPU.ActiveCfg = Release|Any CPU
		{CAC3F6BF-B83C-45FD-944D-2D86EF179B34}.Release|Any CPU.Build.0 = Release|Any CPU
		{FC5314CA-1EB5-40EE-8939-AF6A055AF9B6}.Debug|Any CPU.ActiveCfg = Debug|Any CPU
		{FC5314CA-1EB5-40EE-8939-AF6A055AF9B6}.Debug|Any CPU.Build.0 = Debug|Any CPU
		{FC5314CA-1EB5-40EE-8939-AF6A055AF9B6}.Release|Any CPU.ActiveCfg = Release|Any CPU
		{FC5314CA-1EB5-40EE-8939-AF6A055AF9B6}.Release|Any CPU.Build.0 = Release|Any CPU
	EndGlobalSection
	GlobalSection(SolutionProperties) = preSolution
		HideSolutionNode = FALSE
	EndGlobalSection
	GlobalSection(ExtensibilityGlobals) = postSolution
		SolutionGuid = {373C3F8D-0F16-41EF-851B-9E07B6DE5145}
	EndGlobalSection
EndGlobal
